// !$*UTF8*$!
{
	archiveVersion = 1;
	classes = {
	};
	objectVersion = 50;
	objects = {

/* Begin PBXBuildFile section */
		3CCAD20521090E2B000D6981 /* AppDelegate.swift in Sources */ = {isa = PBXBuildFile; fileRef = 3CCAD20421090E2B000D6981 /* AppDelegate.swift */; };
		3CCAD20721090E2B000D6981 /* ViewController.swift in Sources */ = {isa = PBXBuildFile; fileRef = 3CCAD20621090E2B000D6981 /* ViewController.swift */; };
		3CCAD20A21090E2B000D6981 /* Main.storyboard in Resources */ = {isa = PBXBuildFile; fileRef = 3CCAD20821090E2B000D6981 /* Main.storyboard */; };
		3CCAD20C21090E2D000D6981 /* Assets.xcassets in Resources */ = {isa = PBXBuildFile; fileRef = 3CCAD20B21090E2D000D6981 /* Assets.xcassets */; };
		3CCAD20F21090E2D000D6981 /* LaunchScreen.storyboard in Resources */ = {isa = PBXBuildFile; fileRef = 3CCAD20D21090E2D000D6981 /* LaunchScreen.storyboard */; };
		3CCAD21A21090E2D000D6981 /* table_viewTests.swift in Sources */ = {isa = PBXBuildFile; fileRef = 3CCAD21921090E2D000D6981 /* table_viewTests.swift */; };
		3CCAD22521090E2D000D6981 /* table_viewUITests.swift in Sources */ = {isa = PBXBuildFile; fileRef = 3CCAD22421090E2D000D6981 /* table_viewUITests.swift */; };
		3CCAD233210D6399000D6981 /* CustomCell.swift in Sources */ = {isa = PBXBuildFile; fileRef = 3CCAD232210D6399000D6981 /* CustomCell.swift */; };
/* End PBXBuildFile section */

/* Begin PBXContainerItemProxy section */
		3CCAD21621090E2D000D6981 /* PBXContainerItemProxy */ = {
			isa = PBXContainerItemProxy;
			containerPortal = 3CCAD1F921090E2B000D6981 /* Project object */;
			proxyType = 1;
			remoteGlobalIDString = 3CCAD20021090E2B000D6981;
			remoteInfo = "table-view";
		};
		3CCAD22121090E2D000D6981 /* PBXContainerItemProxy */ = {
			isa = PBXContainerItemProxy;
			containerPortal = 3CCAD1F921090E2B000D6981 /* Project object */;
			proxyType = 1;
			remoteGlobalIDString = 3CCAD20021090E2B000D6981;
			remoteInfo = "table-view";
		};
/* End PBXContainerItemProxy section */

/* Begin PBXFileReference section */
		3CCAD20121090E2B000D6981 /* table-view.app */ = {isa = PBXFileReference; explicitFileType = wrapper.application; includeInIndex = 0; path = "table-view.app"; sourceTree = BUILT_PRODUCTS_DIR; };
		3CCAD20421090E2B000D6981 /* AppDelegate.swift */ = {isa = PBXFileReference; lastKnownFileType = sourcecode.swift; path = AppDelegate.swift; sourceTree = "<group>"; };
		3CCAD20621090E2B000D6981 /* ViewController.swift */ = {isa = PBXFileReference; lastKnownFileType = sourcecode.swift; path = ViewController.swift; sourceTree = "<group>"; };
		3CCAD20921090E2B000D6981 /* Base */ = {isa = PBXFileReference; lastKnownFileType = file.storyboard; name = Base; path = Base.lproj/Main.storyboard; sourceTree = "<group>"; };
		3CCAD20B21090E2D000D6981 /* Assets.xcassets */ = {isa = PBXFileReference; lastKnownFileType = folder.assetcatalog; path = Assets.xcassets; sourceTree = "<group>"; };
		3CCAD20E21090E2D000D6981 /* Base */ = {isa = PBXFileReference; lastKnownFileType = file.storyboard; name = Base; path = Base.lproj/LaunchScreen.storyboard; sourceTree = "<group>"; };
		3CCAD21021090E2D000D6981 /* Info.plist */ = {isa = PBXFileReference; lastKnownFileType = text.plist.xml; path = Info.plist; sourceTree = "<group>"; };
		3CCAD21521090E2D000D6981 /* table-viewTests.xctest */ = {isa = PBXFileReference; explicitFileType = wrapper.cfbundle; includeInIndex = 0; path = "table-viewTests.xctest"; sourceTree = BUILT_PRODUCTS_DIR; };
		3CCAD21921090E2D000D6981 /* table_viewTests.swift */ = {isa = PBXFileReference; lastKnownFileType = sourcecode.swift; path = table_viewTests.swift; sourceTree = "<group>"; };
		3CCAD21B21090E2D000D6981 /* Info.plist */ = {isa = PBXFileReference; lastKnownFileType = text.plist.xml; path = Info.plist; sourceTree = "<group>"; };
		3CCAD22021090E2D000D6981 /* table-viewUITests.xctest */ = {isa = PBXFileReference; explicitFileType = wrapper.cfbundle; includeInIndex = 0; path = "table-viewUITests.xctest"; sourceTree = BUILT_PRODUCTS_DIR; };
		3CCAD22421090E2D000D6981 /* table_viewUITests.swift */ = {isa = PBXFileReference; lastKnownFileType = sourcecode.swift; path = table_viewUITests.swift; sourceTree = "<group>"; };
		3CCAD22621090E2D000D6981 /* Info.plist */ = {isa = PBXFileReference; lastKnownFileType = text.plist.xml; path = Info.plist; sourceTree = "<group>"; };
		3CCAD232210D6399000D6981 /* CustomCell.swift */ = {isa = PBXFileReference; lastKnownFileType = sourcecode.swift; path = CustomCell.swift; sourceTree = "<group>"; };
/* End PBXFileReference section */

/* Begin PBXFrameworksBuildPhase section */
		3CCAD1FE21090E2B000D6981 /* Frameworks */ = {
			isa = PBXFrameworksBuildPhase;
			buildActionMask = 2147483647;
			files = (
			);
			runOnlyForDeploymentPostprocessing = 0;
		};
		3CCAD21221090E2D000D6981 /* Frameworks */ = {
			isa = PBXFrameworksBuildPhase;
			buildActionMask = 2147483647;
			files = (
			);
			runOnlyForDeploymentPostprocessing = 0;
		};
		3CCAD21D21090E2D000D6981 /* Frameworks */ = {
			isa = PBXFrameworksBuildPhase;
			buildActionMask = 2147483647;
			files = (
			);
			runOnlyForDeploymentPostprocessing = 0;
		};
/* End PBXFrameworksBuildPhase section */

/* Begin PBXGroup section */
		3CCAD1F821090E2B000D6981 = {
			isa = PBXGroup;
			children = (
				3CCAD20321090E2B000D6981 /* table-view */,
				3CCAD21821090E2D000D6981 /* table-viewTests */,
				3CCAD22321090E2D000D6981 /* table-viewUITests */,
				3CCAD20221090E2B000D6981 /* Products */,
			);
			sourceTree = "<group>";
		};
		3CCAD20221090E2B000D6981 /* Products */ = {
			isa = PBXGroup;
			children = (
				3CCAD20121090E2B000D6981 /* table-view.app */,
				3CCAD21521090E2D000D6981 /* table-viewTests.xctest */,
				3CCAD22021090E2D000D6981 /* table-viewUITests.xctest */,
			);
			name = Products;
			sourceTree = "<group>";
		};
		3CCAD20321090E2B000D6981 /* table-view */ = {
			isa = PBXGroup;
			children = (
				3CCAD20421090E2B000D6981 /* AppDelegate.swift */,
				3CCAD20621090E2B000D6981 /* ViewController.swift */,
				3CCAD232210D6399000D6981 /* CustomCell.swift */,
				3CCAD20821090E2B000D6981 /* Main.storyboard */,
				3CCAD20B21090E2D000D6981 /* Assets.xcassets */,
				3CCAD20D21090E2D000D6981 /* LaunchScreen.storyboard */,
				3CCAD21021090E2D000D6981 /* Info.plist */,
			);
			path = "table-view";
			sourceTree = "<group>";
		};
		3CCAD21821090E2D000D6981 /* table-viewTests */ = {
			isa = PBXGroup;
			children = (
				3CCAD21921090E2D000D6981 /* table_viewTests.swift */,
				3CCAD21B21090E2D000D6981 /* Info.plist */,
			);
			path = "table-viewTests";
			sourceTree = "<group>";
		};
		3CCAD22321090E2D000D6981 /* table-viewUITests */ = {
			isa = PBXGroup;
			children = (
				3CCAD22421090E2D000D6981 /* table_viewUITests.swift */,
				3CCAD22621090E2D000D6981 /* Info.plist */,
			);
			path = "table-viewUITests";
			sourceTree = "<group>";
		};
/* End PBXGroup section */

/* Begin PBXNativeTarget section */
		3CCAD20021090E2B000D6981 /* table-view */ = {
			isa = PBXNativeTarget;
			buildConfigurationList = 3CCAD22921090E2D000D6981 /* Build configuration list for PBXNativeTarget "table-view" */;
			buildPhases = (
				3CCAD1FD21090E2B000D6981 /* Sources */,
				3CCAD1FE21090E2B000D6981 /* Frameworks */,
				3CCAD1FF21090E2B000D6981 /* Resources */,
			);
			buildRules = (
			);
			dependencies = (
			);
			name = "table-view";
			productName = "table-view";
			productReference = 3CCAD20121090E2B000D6981 /* table-view.app */;
			productType = "com.apple.product-type.application";
		};
		3CCAD21421090E2D000D6981 /* table-viewTests */ = {
			isa = PBXNativeTarget;
			buildConfigurationList = 3CCAD22C21090E2D000D6981 /* Build configuration list for PBXNativeTarget "table-viewTests" */;
			buildPhases = (
				3CCAD21121090E2D000D6981 /* Sources */,
				3CCAD21221090E2D000D6981 /* Frameworks */,
				3CCAD21321090E2D000D6981 /* Resources */,
			);
			buildRules = (
			);
			dependencies = (
				3CCAD21721090E2D000D6981 /* PBXTargetDependency */,
			);
			name = "table-viewTests";
			productName = "table-viewTests";
			productReference = 3CCAD21521090E2D000D6981 /* table-viewTests.xctest */;
			productType = "com.apple.product-type.bundle.unit-test";
		};
		3CCAD21F21090E2D000D6981 /* table-viewUITests */ = {
			isa = PBXNativeTarget;
			buildConfigurationList = 3CCAD22F21090E2D000D6981 /* Build configuration list for PBXNativeTarget "table-viewUITests" */;
			buildPhases = (
				3CCAD21C21090E2D000D6981 /* Sources */,
				3CCAD21D21090E2D000D6981 /* Frameworks */,
				3CCAD21E21090E2D000D6981 /* Resources */,
			);
			buildRules = (
			);
			dependencies = (
				3CCAD22221090E2D000D6981 /* PBXTargetDependency */,
			);
			name = "table-viewUITests";
			productName = "table-viewUITests";
			productReference = 3CCAD22021090E2D000D6981 /* table-viewUITests.xctest */;
			productType = "com.apple.product-type.bundle.ui-testing";
		};
/* End PBXNativeTarget section */

/* Begin PBXProject section */
		3CCAD1F921090E2B000D6981 /* Project object */ = {
			isa = PBXProject;
			attributes = {
				LastSwiftUpdateCheck = 0940;
				LastUpgradeCheck = 0940;
				ORGANIZATIONNAME = "yofrank sanchez";
				TargetAttributes = {
					3CCAD20021090E2B000D6981 = {
						CreatedOnToolsVersion = 9.4.1;
					};
					3CCAD21421090E2D000D6981 = {
						CreatedOnToolsVersion = 9.4.1;
						TestTargetID = 3CCAD20021090E2B000D6981;
					};
					3CCAD21F21090E2D000D6981 = {
						CreatedOnToolsVersion = 9.4.1;
						TestTargetID = 3CCAD20021090E2B000D6981;
					};
				};
			};
			buildConfigurationList = 3CCAD1FC21090E2B000D6981 /* Build configuration list for PBXProject "table-view" */;
			compatibilityVersion = "Xcode 9.3";
			developmentRegion = en;
			hasScannedForEncodings = 0;
			knownRegions = (
				en,
				Base,
			);
			mainGroup = 3CCAD1F821090E2B000D6981;
			productRefGroup = 3CCAD20221090E2B000D6981 /* Products */;
			projectDirPath = "";
			projectRoot = "";
			targets = (
				3CCAD20021090E2B000D6981 /* table-view */,
				3CCAD21421090E2D000D6981 /* table-viewTests */,
				3CCAD21F21090E2D000D6981 /* table-viewUITests */,
			);
		};
/* End PBXProject section */

/* Begin PBXResourcesBuildPhase section */
		3CCAD1FF21090E2B000D6981 /* Resources */ = {
			isa = PBXResourcesBuildPhase;
			buildActionMask = 2147483647;
			files = (
				3CCAD20F21090E2D000D6981 /* LaunchScreen.storyboard in Resources */,
				3CCAD20C21090E2D000D6981 /* Assets.xcassets in Resources */,
				3CCAD20A21090E2B000D6981 /* Main.storyboard in Resources */,
			);
			runOnlyForDeploymentPostprocessing = 0;
		};
		3CCAD21321090E2D000D6981 /* Resources */ = {
			isa = PBXResourcesBuildPhase;
			buildActionMask = 2147483647;
			files = (
			);
			runOnlyForDeploymentPostprocessing = 0;
		};
		3CCAD21E21090E2D000D6981 /* Resources */ = {
			isa = PBXResourcesBuildPhase;
			buildActionMask = 2147483647;
			files = (
			);
			runOnlyForDeploymentPostprocessing = 0;
		};
/* End PBXResourcesBuildPhase section */

/* Begin PBXSourcesBuildPhase section */
		3CCAD1FD21090E2B000D6981 /* Sources */ = {
			isa = PBXSourcesBuildPhase;
			buildActionMask = 2147483647;
			files = (
				3CCAD20721090E2B000D6981 /* ViewController.swift in Sources */,
				3CCAD233210D6399000D6981 /* CustomCell.swift in Sources */,
				3CCAD20521090E2B000D6981 /* AppDelegate.swift in Sources */,
			);
			runOnlyForDeploymentPostprocessing = 0;
		};
		3CCAD21121090E2D000D6981 /* Sources */ = {
			isa = PBXSourcesBuildPhase;
			buildActionMask = 2147483647;
			files = (
				3CCAD21A21090E2D000D6981 /* table_viewTests.swift in Sources */,
			);
			runOnlyForDeploymentPostprocessing = 0;
		};
		3CCAD21C21090E2D000D6981 /* Sources */ = {
			isa = PBXSourcesBuildPhase;
			buildActionMask = 2147483647;
			files = (
				3CCAD22521090E2D000D6981 /* table_viewUITests.swift in Sources */,
			);
			runOnlyForDeploymentPostprocessing = 0;
		};
/* End PBXSourcesBuildPhase section */

/* Begin PBXTargetDependency section */
		3CCAD21721090E2D000D6981 /* PBXTargetDependency */ = {
			isa = PBXTargetDependency;
			target = 3CCAD20021090E2B000D6981 /* table-view */;
			targetProxy = 3CCAD21621090E2D000D6981 /* PBXContainerItemProxy */;
		};
		3CCAD22221090E2D000D6981 /* PBXTargetDependency */ = {
			isa = PBXTargetDependency;
			target = 3CCAD20021090E2B000D6981 /* table-view */;
			targetProxy = 3CCAD22121090E2D000D6981 /* PBXContainerItemProxy */;
		};
/* End PBXTargetDependency section */

/* Begin PBXVariantGroup section */
		3CCAD20821090E2B000D6981 /* Main.storyboard */ = {
			isa = PBXVariantGroup;
			children = (
				3CCAD20921090E2B000D6981 /* Base */,
			);
			name = Main.storyboard;
			sourceTree = "<group>";
		};
		3CCAD20D21090E2D000D6981 /* LaunchScreen.storyboard */ = {
			isa = PBXVariantGroup;
			children = (
				3CCAD20E21090E2D000D6981 /* Base */,
			);
			name = LaunchScreen.storyboard;
			sourceTree = "<group>";
		};
/* End PBXVariantGroup section */

/* Begin XCBuildConfiguration section */
		3CCAD22721090E2D000D6981 /* Debug */ = {
			isa = XCBuildConfiguration;
			buildSettings = {
				ALWAYS_SEARCH_USER_PATHS = NO;
				CLANG_ANALYZER_NONNULL = YES;
				CLANG_ANALYZER_NUMBER_OBJECT_CONVERSION = YES_AGGRESSIVE;
				CLANG_CXX_LANGUAGE_STANDARD = "gnu++14";
				CLANG_CXX_LIBRARY = "libc++";
				CLANG_ENABLE_MODULES = YES;
				CLANG_ENABLE_OBJC_ARC = YES;
				CLANG_ENABLE_OBJC_WEAK = YES;
				CLANG_WARN_BLOCK_CAPTURE_AUTORELEASING = YES;
				CLANG_WARN_BOOL_CONVERSION = YES;
				CLANG_WARN_COMMA = YES;
				CLANG_WARN_CONSTANT_CONVERSION = YES;
				CLANG_WARN_DEPRECATED_OBJC_IMPLEMENTATIONS = YES;
				CLANG_WARN_DIRECT_OBJC_ISA_USAGE = YES_ERROR;
				CLANG_WARN_DOCUMENTATION_COMMENTS = YES;
				CLANG_WARN_EMPTY_BODY = YES;
				CLANG_WARN_ENUM_CONVERSION = YES;
				CLANG_WARN_INFINITE_RECURSION = YES;
				CLANG_WARN_INT_CONVERSION = YES;
				CLANG_WARN_NON_LITERAL_NULL_CONVERSION = YES;
				CLANG_WARN_OBJC_IMPLICIT_RETAIN_SELF = YES;
				CLANG_WARN_OBJC_LITERAL_CONVERSION = YES;
				CLANG_WARN_OBJC_ROOT_CLASS = YES_ERROR;
				CLANG_WARN_RANGE_LOOP_ANALYSIS = YES;
				CLANG_WARN_STRICT_PROTOTYPES = YES;
				CLANG_WARN_SUSPICIOUS_MOVE = YES;
				CLANG_WARN_UNGUARDED_AVAILABILITY = YES_AGGRESSIVE;
				CLANG_WARN_UNREACHABLE_CODE = YES;
				CLANG_WARN__DUPLICATE_METHOD_MATCH = YES;
				CODE_SIGN_IDENTITY = "iPhone Developer";
				COPY_PHASE_STRIP = NO;
				DEBUG_INFORMATION_FORMAT = dwarf;
				ENABLE_STRICT_OBJC_MSGSEND = YES;
				ENABLE_TESTABILITY = YES;
				GCC_C_LANGUAGE_STANDARD = gnu11;
				GCC_DYNAMIC_NO_PIC = NO;
				GCC_NO_COMMON_BLOCKS = YES;
				GCC_OPTIMIZATION_LEVEL = 0;
				GCC_PREPROCESSOR_DEFINITIONS = (
					"DEBUG=1",
					"$(inherited)",
				);
				GCC_WARN_64_TO_32_BIT_CONVERSION = YES;
				GCC_WARN_ABOUT_RETURN_TYPE = YES_ERROR;
				GCC_WARN_UNDECLARED_SELECTOR = YES;
				GCC_WARN_UNINITIALIZED_AUTOS = YES_AGGRESSIVE;
				GCC_WARN_UNUSED_FUNCTION = YES;
				GCC_WARN_UNUSED_VARIABLE = YES;
				IPHONEOS_DEPLOYMENT_TARGET = 11.4;
				MTL_ENABLE_DEBUG_INFO = YES;
				ONLY_ACTIVE_ARCH = YES;
				SDKROOT = iphoneos;
				SWIFT_ACTIVE_COMPILATION_CONDITIONS = DEBUG;
				SWIFT_OPTIMIZATION_LEVEL = "-Onone";
			};
			name = Debug;
		};
		3CCAD22821090E2D000D6981 /* Release */ = {
			isa = XCBuildConfiguration;
			buildSettings = {
				ALWAYS_SEARCH_USER_PATHS = NO;
				CLANG_ANALYZER_NONNULL = YES;
				CLANG_ANALYZER_NUMBER_OBJECT_CONVERSION = YES_AGGRESSIVE;
				CLANG_CXX_LANGUAGE_STANDARD = "gnu++14";
				CLANG_CXX_LIBRARY = "libc++";
				CLANG_ENABLE_MODULES = YES;
				CLANG_ENABLE_OBJC_ARC = YES;
				CLANG_ENABLE_OBJC_WEAK = YES;
				CLANG_WARN_BLOCK_CAPTURE_AUTORELEASING = YES;
				CLANG_WARN_BOOL_CONVERSION = YES;
				CLANG_WARN_COMMA = YES;
				CLANG_WARN_CONSTANT_CONVERSION = YES;
				CLANG_WARN_DEPRECATED_OBJC_IMPLEMENTATIONS = YES;
				CLANG_WARN_DIRECT_OBJC_ISA_USAGE = YES_ERROR;
				CLANG_WARN_DOCUMENTATION_COMMENTS = YES;
				CLANG_WARN_EMPTY_BODY = YES;
				CLANG_WARN_ENUM_CONVERSION = YES;
				CLANG_WARN_INFINITE_RECURSION = YES;
				CLANG_WARN_INT_CONVERSION = YES;
				CLANG_WARN_NON_LITERAL_NULL_CONVERSION = YES;
				CLANG_WARN_OBJC_IMPLICIT_RETAIN_SELF = YES;
				CLANG_WARN_OBJC_LITERAL_CONVERSION = YES;
				CLANG_WARN_OBJC_ROOT_CLASS = YES_ERROR;
				CLANG_WARN_RANGE_LOOP_ANALYSIS = YES;
				CLANG_WARN_STRICT_PROTOTYPES = YES;
				CLANG_WARN_SUSPICIOUS_MOVE = YES;
				CLANG_WARN_UNGUARDED_AVAILABILITY = YES_AGGRESSIVE;
				CLANG_WARN_UNREACHABLE_CODE = YES;
				CLANG_WARN__DUPLICATE_METHOD_MATCH = YES;
				CODE_SIGN_IDENTITY = "iPhone Developer";
				COPY_PHASE_STRIP = NO;
				DEBUG_INFORMATION_FORMAT = "dwarf-with-dsym";
				ENABLE_NS_ASSERTIONS = NO;
				ENABLE_STRICT_OBJC_MSGSEND = YES;
				GCC_C_LANGUAGE_STANDARD = gnu11;
				GCC_NO_COMMON_BLOCKS = YES;
				GCC_WARN_64_TO_32_BIT_CONVERSION = YES;
				GCC_WARN_ABOUT_RETURN_TYPE = YES_ERROR;
				GCC_WARN_UNDECLARED_SELECTOR = YES;
				GCC_WARN_UNINITIALIZED_AUTOS = YES_AGGRESSIVE;
				GCC_WARN_UNUSED_FUNCTION = YES;
				GCC_WARN_UNUSED_VARIABLE = YES;
				IPHONEOS_DEPLOYMENT_TARGET = 11.4;
				MTL_ENABLE_DEBUG_INFO = NO;
				SDKROOT = iphoneos;
				SWIFT_COMPILATION_MODE = wholemodule;
				SWIFT_OPTIMIZATION_LEVEL = "-O";
				VALIDATE_PRODUCT = YES;
			};
			name = Release;
		};
		3CCAD22A21090E2D000D6981 /* Debug */ = {
			isa = XCBuildConfiguration;
			buildSettings = {
				ASSETCATALOG_COMPILER_APPICON_NAME = AppIcon;
				CODE_SIGN_STYLE = Automatic;
				INFOPLIST_FILE = "table-view/Info.plist";
				LD_RUNPATH_SEARCH_PATHS = (
					"$(inherited)",
					"@executable_path/Frameworks",
				);
				PRODUCT_BUNDLE_IDENTIFIER = "com.yofr4nk.table-view";
				PRODUCT_NAME = "$(TARGET_NAME)";
				SWIFT_VERSION = 4.0;
				TARGETED_DEVICE_FAMILY = "1,2";
			};
			name = Debug;
		};
		3CCAD22B21090E2D000D6981 /* Release */ = {
			isa = XCBuildConfiguration;
			buildSettings = {
				ASSETCATALOG_COMPILER_APPICON_NAME = AppIcon;
				CODE_SIGN_STYLE = Automatic;
				INFOPLIST_FILE = "table-view/Info.plist";
				LD_RUNPATH_SEARCH_PATHS = (
					"$(inherited)",
					"@executable_path/Frameworks",
				);
				PRODUCT_BUNDLE_IDENTIFIER = "com.yofr4nk.table-view";
				PRODUCT_NAME = "$(TARGET_NAME)";
				SWIFT_VERSION = 4.0;
				TARGETED_DEVICE_FAMILY = "1,2";
			};
			name = Release;
		};
		3CCAD22D21090E2D000D6981 /* Debug */ = {
			isa = XCBuildConfiguration;
			buildSettings = {
				ALWAYS_EMBED_SWIFT_STANDARD_LIBRARIES = YES;
				BUNDLE_LOADER = "$(TEST_HOST)";
				CODE_SIGN_STYLE = Automatic;
				INFOPLIST_FILE = "table-viewTests/Info.plist";
				LD_RUNPATH_SEARCH_PATHS = (
					"$(inherited)",
					"@executable_path/Frameworks",
					"@loader_path/Frameworks",
				);
				PRODUCT_BUNDLE_IDENTIFIER = "com.yofr4nk.table-viewTests";
				PRODUCT_NAME = "$(TARGET_NAME)";
				SWIFT_VERSION = 4.0;
				TARGETED_DEVICE_FAMILY = "1,2";
				TEST_HOST = "$(BUILT_PRODUCTS_DIR)/table-view.app/table-view";
			};
			name = Debug;
		};
		3CCAD22E21090E2D000D6981 /* Release */ = {
			isa = XCBuildConfiguration;
			buildSettings = {
				ALWAYS_EMBED_SWIFT_STANDARD_LIBRARIES = YES;
				BUNDLE_LOADER = "$(TEST_HOST)";
				CODE_SIGN_STYLE = Automatic;
				INFOPLIST_FILE = "table-viewTests/Info.plist";
				LD_RUNPATH_SEARCH_PATHS = (
					"$(inherited)",
					"@executable_path/Frameworks",
					"@loader_path/Frameworks",
				);
				PRODUCT_BUNDLE_IDENTIFIER = "com.yofr4nk.table-viewTests";
				PRODUCT_NAME = "$(TARGET_NAME)";
				SWIFT_VERSION = 4.0;
				TARGETED_DEVICE_FAMILY = "1,2";
				TEST_HOST = "$(BUILT_PRODUCTS_DIR)/table-view.app/table-view";
			};
			name = Release;
		};
		3CCAD23021090E2D000D6981 /* Debug */ = {
			isa = XCBuildConfiguration;
			buildSettings = {
				ALWAYS_EMBED_SWIFT_STANDARD_LIBRARIES = YES;
				CODE_SIGN_STYLE = Automatic;
				INFOPLIST_FILE = "table-viewUITests/Info.plist";
				LD_RUNPATH_SEARCH_PATHS = (
					"$(inherited)",
					"@executable_path/Frameworks",
					"@loader_path/Frameworks",
				);
				PRODUCT_BUNDLE_IDENTIFIER = "com.yofr4nk.table-viewUITests";
				PRODUCT_NAME = "$(TARGET_NAME)";
				SWIFT_VERSION = 4.0;
				TARGETED_DEVICE_FAMILY = "1,2";
				TEST_TARGET_NAME = "table-view";
			};
			name = Debug;
		};
		3CCAD23121090E2D000D6981 /* Release */ = {
			isa = XCBuildConfiguration;
			buildSettings = {
				ALWAYS_EMBED_SWIFT_STANDARD_LIBRARIES = YES;
				CODE_SIGN_STYLE = Automatic;
				INFOPLIST_FILE = "table-viewUITests/Info.plist";
				LD_RUNPATH_SEARCH_PATHS = (
					"$(inherited)",
					"@executable_path/Frameworks",
					"@loader_path/Frameworks",
				);
				PRODUCT_BUNDLE_IDENTIFIER = "com.yofr4nk.table-viewUITests";
				PRODUCT_NAME = "$(TARGET_NAME)";
				SWIFT_VERSION = 4.0;
				TARGETED_DEVICE_FAMILY = "1,2";
				TEST_TARGET_NAME = "table-view";
			};
			name = Release;
		};
/* End XCBuildConfiguration section */

/* Begin XCConfigurationList section */
		3CCAD1FC21090E2B000D6981 /* Build configuration list for PBXProject "table-view" */ = {
			isa = XCConfigurationList;
			buildConfigurations = (
				3CCAD22721090E2D000D6981 /* Debug */,
				3CCAD22821090E2D000D6981 /* Release */,
			);
			defaultConfigurationIsVisible = 0;
			defaultConfigurationName = Release;
		};
		3CCAD22921090E2D000D6981 /* Build configuration list for PBXNativeTarget "table-view" */ = {
			isa = XCConfigurationList;
			buildConfigurations = (
				3CCAD22A21090E2D000D6981 /* Debug */,
				3CCAD22B21090E2D000D6981 /* Release */,
			);
			defaultConfigurationIsVisible = 0;
			defaultConfigurationName = Release;
		};
		3CCAD22C21090E2D000D6981 /* Build configuration list for PBXNativeTarget "table-viewTests" */ = {
			isa = XCConfigurationList;
			buildConfigurations = (
				3CCAD22D21090E2D000D6981 /* Debug */,
				3CCAD22E21090E2D000D6981 /* Release */,
			);
			defaultConfigurationIsVisible = 0;
			defaultConfigurationName = Release;
		};
		3CCAD22F21090E2D000D6981 /* Build configuration list for PBXNativeTarget "table-viewUITests" */ = {
			isa = XCConfigurationList;
			buildConfigurations = (
				3CCAD23021090E2D000D6981 /* Debug */,
				3CCAD23121090E2D000D6981 /* Release */,
			);
			defaultConfigurationIsVisible = 0;
			defaultConfigurationName = Release;
		};
/* End XCConfigurationList section */
	};
	rootObject = 3CCAD1F921090E2B000D6981 /* Project object */;
}
